PODS:
  - iOSDFULibrary (4.8.0):
    - ZIPFoundation (= 0.9.11)
  - SnapKit (5.0.1)
  - TPKeyboardAvoiding (1.3.4)
  - ZIPFoundation (0.9.11)

DEPENDENCIES:
  - iOSDFULibrary (~> 4.8.0)
  - SnapKit (~> 5.0.1)
  - TPKeyboardAvoiding

SPEC REPOS:
  trunk:
    - iOSDFULibrary
    - SnapKit
    - TPKeyboardAvoiding
    - ZIPFoundation

SPEC CHECKSUMS:
  iOSDFULibrary: 829d71cd4caa53eed1f0354c81329e5c0f496e93
  SnapKit: 97b92857e3df3a0c71833cce143274bf6ef8e5eb
  TPKeyboardAvoiding: 7c2187e2338052b2c5be4a8052f297fdb124e261
  ZIPFoundation: b1f0de4eed33e74a676f76e12559ab6b75990197

PODFILE CHECKSUM: b11228a827c5022f956f8a00dffcff7dc2a638dc

COCOAPODS: 1.10.0.beta.2
